{
  "version": 4,
  "terraform_version": "1.9.2",
  "serial": 19,
  "lineage": "b68b2619-94bd-ae2f-d7d6-fa1d657c4969",
  "outputs": {},
  "resources": [
    {
      "module": "module.gke",
      "mode": "data",
      "type": "google_project",
      "name": "project",
      "provider": "provider[\"registry.terraform.io/hashicorp/google\"]",
      "instances": [
        {
          "schema_version": 0,
          "attributes": {
            "auto_create_network": null,
            "billing_account": null,
            "effective_labels": {},
            "folder_id": "700384984799",
            "id": "projects/sandbox-22186",
            "labels": {},
            "name": "rpa-sandbox",
            "number": "171032253690",
            "org_id": "",
            "project_id": "sandbox-22186",
            "skip_delete": null,
            "terraform_labels": {}
          },
          "sensitive_attributes": []
        }
      ]
    },
    {
      "module": "module.gke",
      "mode": "managed",
      "type": "google_container_cluster",
      "name": "prdiimd-standard-cluster",
      "provider": "provider[\"registry.terraform.io/hashicorp/google\"]",
      "instances": [
        {
          "schema_version": 2,
          "attributes": {
            "addons_config": [
              {
                "cloudrun_config": [],
                "config_connector_config": [],
                "dns_cache_config": [],
                "gce_persistent_disk_csi_driver_config": [
                  {
                    "enabled": true
                  }
                ],
                "gcp_filestore_csi_driver_config": [],
                "gcs_fuse_csi_driver_config": [],
                "gke_backup_agent_config": [],
                "horizontal_pod_autoscaling": [],
                "http_load_balancing": [],
                "network_policy_config": [
                  {
                    "disabled": true
                  }
                ]
              }
            ],
            "allow_net_admin": null,
            "authenticator_groups_config": [],
            "binary_authorization": [
              {
                "enabled": false,
                "evaluation_mode": ""
              }
            ],
            "cluster_autoscaling": [
              {
                "auto_provisioning_defaults": [],
                "enabled": false,
                "resource_limits": []
              }
            ],
            "cluster_ipv4_cidr": "10.163.153.0/24",
            "confidential_nodes": [],
            "cost_management_config": [],
            "database_encryption": [
              {
                "key_name": "",
                "state": "DECRYPTED"
              }
            ],
            "datapath_provider": "",
            "default_max_pods_per_node": 110,
            "default_snat_status": [
              {
                "disabled": true
              }
            ],
            "deletion_protection": true,
            "description": "",
            "dns_config": [],
            "enable_autopilot": false,
            "enable_intranode_visibility": false,
            "enable_k8s_beta_apis": [],
            "enable_kubernetes_alpha": false,
            "enable_l4_ilb_subsetting": false,
            "enable_legacy_abac": false,
            "enable_shielded_nodes": true,
            "enable_tpu": false,
            "endpoint": "10.163.152.2",
            "gateway_api_config": [],
            "id": "projects/sandbox-22186/locations/northamerica-northeast1-a/clusters/prdiimd",
            "initial_node_count": 1,
            "ip_allocation_policy": [
              {
                "additional_pod_ranges_config": [],
                "cluster_ipv4_cidr_block": "10.163.153.0/24",
                "cluster_secondary_range_name": "rpa-prd-secondary-range-02",
                "pod_cidr_overprovision_config": [
                  {
                    "disabled": false
                  }
                ],
                "services_ipv4_cidr_block": "10.61.128.0/17",
                "services_secondary_range_name": "gke-prdiik8s-pods-0898a97d",
                "stack_type": "IPV4"
              }
            ],
            "label_fingerprint": "0c20a4d7",
            "location": "northamerica-northeast1-a",
            "logging_config": [
              {
                "enable_components": [
                  "SYSTEM_COMPONENTS",
                  "WORKLOADS"
                ]
              }
            ],
            "logging_service": "logging.googleapis.com/kubernetes",
            "maintenance_policy": [
              {
                "daily_maintenance_window": [],
                "maintenance_exclusion": [],
                "recurring_window": [
                  {
                    "end_time": "2023-08-23T18:30:00Z",
                    "recurrence": "FREQ=WEEKLY;BYDAY=SU",
                    "start_time": "2023-08-22T18:30:00Z"
                  }
                ]
              }
            ],
            "master_auth": [
              {
                "client_certificate": "",
                "client_certificate_config": [
                  {
                    "issue_client_certificate": false
                  }
                ],
                "client_key": "",
                "cluster_ca_certificate": "LS0tLS1CRUdJTiBDRVJUSUZJQ0FURS0tLS0tCk1JSUVMVENDQXBXZ0F3SUJBZ0lSQVBtYU5oNndsbVJaQVFHZzJOT2dGSDh3RFFZSktvWklodmNOQVFFTEJRQXcKTHpFdE1Dc0dBMVVFQXhNa1lXUm1PR1l4WkRVdE9UZzRNeTAwTlRnd0xUazBZbVF0TW1aa01ESTNPRGd5WXpjegpNQ0FYRFRJMU1EUXhNREE1TXpJMU1sb1lEekl3TlRVd05EQXpNVEF6TWpVeVdqQXZNUzB3S3dZRFZRUURFeVJoClpHWTRaakZrTlMwNU9EZ3pMVFExT0RBdE9UUmlaQzB5Wm1Rd01qYzRPREpqTnpNd2dnR2lNQTBHQ1NxR1NJYjMKRFFFQkFRVUFBNElCandBd2dnR0tBb0lCZ1FERDVFM3pGMlpwd2pqdkFDOE1oLzhZS2lLREY3am95YStvSWJGWQpUU1NNMC94dExjUGNicmlvcDU4ZFZIUGFhSXk2SU9sSThxTFdaU01QS3Y4c0JNNThEUCttSmJZdlJQZ3Mrb1dzClFyajZzVUpxcUVjYlkxMWZmTU9sNk1SeGZCOTVxTjc5N1o3dWFFanI3ZXlQTmQ0U3BQZTQrUG1jRm1lQytaTE8KajY3K1d6eUR0UTlWWk9wYTJ1MHpQV293M1AvekFKT2pndkJKamlwVWZXZks2cmp2dC94V2gxQy9rVUtoamlkOAp4ZkR5S1ZWbHRpSnRJOEdpZTNVdjRLOXRnanU5R2s4YWF4VnJkL2FqRUZySTlpMENRa2U5dkdvYW8vNWt4bVdsClZESHJUd3R5WnpxQWp4eURMRkloYmRrQkhhUStCS1JXSmNkdWtMWG9VWE8za0ZSdVlxekRFQ3VBTG9LdWFqenkKSFdra29oMEd6SmZ6V1RPMEdWZmNkekxDU3B4c0EyZ2Vzd0F1aEkvVnVuTEc4SDZGVVJQNE8yWWR0d01kSHByTgpIaU82ZHZQOWJUT2lpbk52L2x5SCtEZVp1S2Q5cFY4RkVSeHRkVFdOdGF6ZXpHSGFYQlZtbTBrZFBYSkowU2xzCnFOV0c2YU5GTjh3WUd4SVY5UmIxYnZ0dmJNOENBd0VBQWFOQ01FQXdEZ1lEVlIwUEFRSC9CQVFEQWdJRU1BOEcKQTFVZEV3RUIvd1FGTUFNQkFmOHdIUVlEVlIwT0JCWUVGS21XbXRTL1hBRXZySGNTcjU2eEhMcWJsTDhBTUEwRwpDU3FHU0liM0RRRUJDd1VBQTRJQmdRQmRCM0wxTXBsK082cXM5RE5YZk1MaEtxNVoreEswbnpONDBZY2Z0NjYwCmtBWCtnak0yTnpjQ3dwdHp4YlVlSFlLODJjRmg0UU1ZdVllK21nbHJjZWR4a3oxZWFIL2hMT3JvTnNNSEZWUUoKakg5bnovOHlYRnpGRTV1aGlNb0JhSytHdVFyeXpFYVBHVjRvaEpvRzYwKzlXci82TDViTlBFUmZ3cmVWSjE2Ugo5aUhoUDhYYzB2enJkNkg4N3BrMWlmVTlUKzh4eWpGRWRvM2pIVCtqRGZnQTF6Q1VJTTNvVGZtRWJvZjVwSDZQClRHd2YxWmV3NFFmdytRdzF5T0NZdGVlZkVna2NDQlpuOThGdVlUT1ZIOUFzLzdTNkxaRUFLL3hPL3labjVnMTQKTWNyL1lHWTgrY2lkTjhxL3ZHUGR5aFFYS093NmN1MU85WDg1dW10VitYOFBsalZydDdVNVVpVHhiNUZpZGZTaQpSSU9Sc01EUWlpTm16N1djT0ovODJHQmh0Y3FvUzVYamtLSEhKRDRWNEtlVjVOMmlDVDREVlZ1OVJkV0JMdmpkCnRJRDFDNWRhVncxeDFRTFFVVFIxSE5DNDZLOGZGTU9mRFUwaFhqaUpDZzYra2tVaFJCN0dIbnh3RHNyTDc1cGMKVDNZNzkyMHRTR1M3RUd5SGJSNFZrN2s9Ci0tLS0tRU5EIENFUlRJRklDQVRFLS0tLS0K"
              }
            ],
            "master_authorized_networks_config": [
              {
                "cidr_blocks": [
                  {
                    "cidr_block": "10.150.4.210/32",
                    "display_name": "prdiikubctl"
                  }
                ],
                "gcp_public_cidrs_access_enabled": false
              }
            ],
            "master_version": "1.31.6-gke.1020000",
            "mesh_certificates": [],
            "min_master_version": "1.31.6-gke.1020000",
            "monitoring_config": [
              {
                "advanced_datapath_observability_config": [
                  {
                    "enable_metrics": false,
                    "relay_mode": ""
                  }
                ],
                "enable_components": [
                  "SYSTEM_COMPONENTS"
                ],
                "managed_prometheus": [
                  {
                    "enabled": false
                  }
                ]
              }
            ],
            "monitoring_service": "monitoring.googleapis.com/kubernetes",
            "name": "prdiimd",
            "network": "projects/sandbox-22186/global/networks/rpa-prd-vpc",
            "network_policy": [
              {
                "enabled": false,
                "provider": "PROVIDER_UNSPECIFIED"
              }
            ],
            "networking_mode": "VPC_NATIVE",
            "node_config": [],
            "node_locations": [],
            "node_pool": [],
            "node_pool_auto_config": [],
            "node_pool_defaults": [
              {
                "node_config_defaults": [
                  {
                    "logging_variant": "DEFAULT"
                  }
                ]
              }
            ],
            "node_version": "1.31.6-gke.1020000",
            "notification_config": [
              {
                "pubsub": [
                  {
                    "enabled": false,
                    "filter": [],
                    "topic": ""
                  }
                ]
              }
            ],
            "operation": null,
            "private_cluster_config": [
              {
                "enable_private_endpoint": true,
                "enable_private_nodes": true,
                "master_global_access_config": [
                  {
                    "enabled": false
                  }
                ],
                "master_ipv4_cidr_block": "10.163.152.0/28",
                "peering_name": "",
                "private_endpoint": "10.163.152.2",
                "private_endpoint_subnetwork": "",
                "public_endpoint": "34.47.13.141"
              }
            ],
            "private_ipv6_google_access": "",
            "project": "sandbox-22186",
            "release_channel": [
              {
                "channel": "UNSPECIFIED"
              }
            ],
            "remove_default_node_pool": true,
            "resource_labels": {
              "env": "prod",
              "name": "prdiimd-prd-cluster",
              "owner": "devops",
              "project": "prod-01",
              "requester": "na",
              "role": "k8s",
              "terraform": "yes"
            },
            "resource_usage_export_config": [],
            "security_posture_config": [
              {
                "mode": "BASIC",
                "vulnerability_mode": "VULNERABILITY_MODE_UNSPECIFIED"
              }
            ],
            "self_link": "https://container.googleapis.com/v1/projects/sandbox-22186/zones/northamerica-northeast1-a/clusters/prdiimd",
            "service_external_ips_config": [
              {
                "enabled": false
              }
            ],
            "services_ipv4_cidr": "10.61.128.0/17",
            "subnetwork": "projects/sandbox-22186/regions/northamerica-northeast1/subnetworks/rpa-prd-private-subnet-02",
            "timeouts": null,
            "tpu_ipv4_cidr_block": "",
            "vertical_pod_autoscaling": [],
            "workload_identity_config": [
              {
                "workload_pool": "sandbox-22186.svc.id.goog"
              }
            ]
          },
          "sensitive_attributes": [
            [
              {
                "type": "get_attr",
                "value": "master_auth"
              },
              {
                "type": "index",
                "value": {
                  "value": 0,
                  "type": "number"
                }
              },
              {
                "type": "get_attr",
                "value": "client_key"
              }
            ]
          ],
          "private": "eyJlMmJmYjczMC1lY2FhLTExZTYtOGY4OC0zNDM2M2JjN2M0YzAiOnsiY3JlYXRlIjoyNDAwMDAwMDAwMDAwLCJkZWxldGUiOjI0MDAwMDAwMDAwMDAsInJlYWQiOjI0MDAwMDAwMDAwMDAsInVwZGF0ZSI6MzYwMDAwMDAwMDAwMH0sInNjaGVtYV92ZXJzaW9uIjoiMiJ9",
          "dependencies": [
            "module.gke.data.google_project.project",
            "module.vpc.google_compute_network.vpc1",
            "module.vpc.google_compute_subnetwork.subnetwork3"
          ]
        }
      ]
    },
    {
      "module": "module.gke",
      "mode": "managed",
      "type": "google_container_node_pool",
      "name": "primary_preemptible_nodes",
      "provider": "provider[\"registry.terraform.io/hashicorp/google\"]",
      "instances": [
        {
          "schema_version": 1,
          "attributes": {
            "autoscaling": [],
            "cluster": "prdiimd",
            "id": "projects/sandbox-22186/locations/northamerica-northeast1-a/clusters/prdiimd/nodePools/prdiimd-prd-node-pool",
            "initial_node_count": 1,
            "instance_group_urls": [
              "https://www.googleapis.com/compute/v1/projects/sandbox-22186/zones/northamerica-northeast1-a/instanceGroupManagers/gke-prdiimd-prdiimd-prd-node-pool-f4c3ff0a-grp"
            ],
            "location": "northamerica-northeast1-a",
            "managed_instance_group_urls": [
              "https://www.googleapis.com/compute/v1/projects/sandbox-22186/zones/northamerica-northeast1-a/instanceGroups/gke-prdiimd-prdiimd-prd-node-pool-f4c3ff0a-grp"
            ],
            "management": [
              {
                "auto_repair": false,
                "auto_upgrade": false
              }
            ],
            "max_pods_per_node": 110,
            "name": "prdiimd-prd-node-pool",
            "name_prefix": "",
            "network_config": [
              {
                "create_pod_range": false,
                "enable_private_nodes": true,
                "pod_cidr_overprovision_config": [],
                "pod_ipv4_cidr_block": "10.163.153.0/24",
                "pod_range": "rpa-prd-secondary-range-02"
              }
            ],
            "node_config": [
              {
                "advanced_machine_features": [],
                "boot_disk_kms_key": "",
                "confidential_nodes": [],
                "disk_size_gb": 200,
                "disk_type": "pd-balanced",
                "effective_taints": [],
                "ephemeral_storage_local_ssd_config": [],
                "fast_socket": [],
                "gcfs_config": [],
                "guest_accelerator": [],
                "gvnic": [],
                "host_maintenance_policy": [],
                "image_type": "COS_CONTAINERD",
                "kubelet_config": [
                  {
                    "cpu_cfs_quota": false,
                    "cpu_cfs_quota_period": "",
                    "cpu_manager_policy": "none",
                    "pod_pids_limit": 0
                  }
                ],
                "labels": {
                  "env": "prod",
                  "name": "prdiimd-prd-node-pool",
                  "owner": "devops",
                  "project": "prod-01",
                  "requester": "na",
                  "role": "k8s-node",
                  "terraform": "yes"
                },
                "linux_node_config": [],
                "local_nvme_ssd_block_config": [],
                "local_ssd_count": 0,
                "logging_variant": "DEFAULT",
                "machine_type": "e2-standard-4",
                "metadata": {
                  "disable-legacy-endpoints": "true"
                },
                "min_cpu_platform": "",
                "node_group": "",
                "oauth_scopes": [
                  "https://www.googleapis.com/auth/devstorage.read_only",
                  "https://www.googleapis.com/auth/logging.write",
                  "https://www.googleapis.com/auth/monitoring",
                  "https://www.googleapis.com/auth/service.management.readonly",
                  "https://www.googleapis.com/auth/servicecontrol",
                  "https://www.googleapis.com/auth/trace.append"
                ],
                "preemptible": false,
                "reservation_affinity": [],
                "resource_labels": {
                  "goog-gke-node-pool-provisioning-model": "on-demand"
                },
                "service_account": "default",
                "shielded_instance_config": [
                  {
                    "enable_integrity_monitoring": true,
                    "enable_secure_boot": true
                  }
                ],
                "sole_tenant_config": [],
                "spot": false,
                "tags": [
                  "private-cluster-node"
                ],
                "taint": [],
                "workload_metadata_config": [
                  {
                    "mode": "GKE_METADATA"
                  }
                ]
              }
            ],
            "node_count": 1,
            "node_locations": [
              "northamerica-northeast1-a"
            ],
            "operation": null,
            "placement_policy": [],
            "project": "sandbox-22186",
            "timeouts": null,
            "upgrade_settings": [
              {
                "blue_green_settings": [],
                "max_surge": 1,
                "max_unavailable": 0,
                "strategy": "SURGE"
              }
            ],
            "version": "1.31.6-gke.1020000"
          },
          "sensitive_attributes": [],
          "private": "eyJlMmJmYjczMC1lY2FhLTExZTYtOGY4OC0zNDM2M2JjN2M0YzAiOnsiY3JlYXRlIjoxODAwMDAwMDAwMDAwLCJkZWxldGUiOjE4MDAwMDAwMDAwMDAsInVwZGF0ZSI6MTgwMDAwMDAwMDAwMH0sInNjaGVtYV92ZXJzaW9uIjoiMSJ9",
          "dependencies": [
            "module.gke.data.google_project.project",
            "module.gke.google_container_cluster.prdiimd-standard-cluster",
            "module.vpc.google_compute_network.vpc1",
            "module.vpc.google_compute_subnetwork.subnetwork3"
          ]
        }
      ]
    },
    {
      "module": "module.vpc",
      "mode": "managed",
      "type": "google_compute_network",
      "name": "rpa-prd-build-pool",
      "provider": "provider[\"registry.terraform.io/hashicorp/google\"]",
      "instances": [
        {
          "schema_version": 0,
          "attributes": {
            "auto_create_subnetworks": false,
            "delete_default_routes_on_create": false,
            "description": "",
            "enable_ula_internal_ipv6": false,
            "gateway_ipv4": "",
            "id": "projects/sandbox-22186/global/networks/rpa-prd-build-pool",
            "internal_ipv6_range": "",
            "mtu": 0,
            "name": "rpa-prd-build-pool",
            "network_firewall_policy_enforcement_order": "AFTER_CLASSIC_FIREWALL",
            "project": "sandbox-22186",
            "routing_mode": "REGIONAL",
            "self_link": "https://www.googleapis.com/compute/v1/projects/sandbox-22186/global/networks/rpa-prd-build-pool",
            "timeouts": null
          },
          "sensitive_attributes": [],
          "private": "eyJlMmJmYjczMC1lY2FhLTExZTYtOGY4OC0zNDM2M2JjN2M0YzAiOnsiY3JlYXRlIjoxMjAwMDAwMDAwMDAwLCJkZWxldGUiOjEyMDAwMDAwMDAwMDAsInVwZGF0ZSI6MTIwMDAwMDAwMDAwMH19"
        }
      ]
    },
    {
      "module": "module.vpc",
      "mode": "managed",
      "type": "google_compute_network",
      "name": "vpc1",
      "provider": "provider[\"registry.terraform.io/hashicorp/google\"]",
      "instances": [
        {
          "schema_version": 0,
          "attributes": {
            "auto_create_subnetworks": false,
            "delete_default_routes_on_create": false,
            "description": "",
            "enable_ula_internal_ipv6": false,
            "gateway_ipv4": "",
            "id": "projects/sandbox-22186/global/networks/rpa-prd-vpc",
            "internal_ipv6_range": "",
            "mtu": 0,
            "name": "rpa-prd-vpc",
            "network_firewall_policy_enforcement_order": "AFTER_CLASSIC_FIREWALL",
            "project": "sandbox-22186",
            "routing_mode": "REGIONAL",
            "self_link": "https://www.googleapis.com/compute/v1/projects/sandbox-22186/global/networks/rpa-prd-vpc",
            "timeouts": null
          },
          "sensitive_attributes": [],
          "private": "eyJlMmJmYjczMC1lY2FhLTExZTYtOGY4OC0zNDM2M2JjN2M0YzAiOnsiY3JlYXRlIjoxMjAwMDAwMDAwMDAwLCJkZWxldGUiOjEyMDAwMDAwMDAwMDAsInVwZGF0ZSI6MTIwMDAwMDAwMDAwMH19"
        }
      ]
    },
    {
      "module": "module.vpc",
      "mode": "managed",
      "type": "google_compute_subnetwork",
      "name": "build-subnet",
      "provider": "provider[\"registry.terraform.io/hashicorp/google\"]",
      "instances": [
        {
          "schema_version": 0,
          "attributes": {
            "creation_timestamp": "2025-04-10T03:26:04.694-07:00",
            "description": "",
            "external_ipv6_prefix": "",
            "fingerprint": null,
            "gateway_address": "10.163.152.17",
            "id": "projects/sandbox-22186/regions/northamerica-northeast1/subnetworks/rpa-prd-build-pool-01",
            "internal_ipv6_prefix": "",
            "ip_cidr_range": "10.163.152.16/28",
            "ipv6_access_type": "",
            "ipv6_cidr_range": "",
            "log_config": [],
            "name": "rpa-prd-build-pool-01",
            "network": "https://www.googleapis.com/compute/v1/projects/sandbox-22186/global/networks/rpa-prd-build-pool",
            "private_ip_google_access": true,
            "private_ipv6_google_access": "DISABLE_GOOGLE_ACCESS",
            "project": "sandbox-22186",
            "purpose": "PRIVATE",
            "region": "northamerica-northeast1",
            "role": "",
            "secondary_ip_range": [],
            "self_link": "https://www.googleapis.com/compute/v1/projects/sandbox-22186/regions/northamerica-northeast1/subnetworks/rpa-prd-build-pool-01",
            "stack_type": "IPV4_ONLY",
            "timeouts": null
          },
          "sensitive_attributes": [],
          "private": "eyJlMmJmYjczMC1lY2FhLTExZTYtOGY4OC0zNDM2M2JjN2M0YzAiOnsiY3JlYXRlIjoxMjAwMDAwMDAwMDAwLCJkZWxldGUiOjEyMDAwMDAwMDAwMDAsInVwZGF0ZSI6MTIwMDAwMDAwMDAwMH19",
          "dependencies": [
            "module.vpc.google_compute_network.rpa-prd-build-pool"
          ]
        }
      ]
    },
    {
      "module": "module.vpc",
      "mode": "managed",
      "type": "google_compute_subnetwork",
      "name": "subnetwork1",
      "provider": "provider[\"registry.terraform.io/hashicorp/google\"]",
      "instances": [
        {
          "schema_version": 0,
          "attributes": {
            "creation_timestamp": "2025-04-10T03:04:01.113-07:00",
            "description": "",
            "external_ipv6_prefix": "",
            "fingerprint": null,
            "gateway_address": "10.150.2.1",
            "id": "projects/sandbox-22186/regions/northamerica-northeast1/subnetworks/rpa-prd-public-subnet-01",
            "internal_ipv6_prefix": "",
            "ip_cidr_range": "10.150.2.0/24",
            "ipv6_access_type": "",
            "ipv6_cidr_range": "",
            "log_config": [
              {
                "aggregation_interval": "INTERVAL_15_MIN",
                "filter_expr": "true",
                "flow_sampling": 0.5,
                "metadata": "INCLUDE_ALL_METADATA",
                "metadata_fields": []
              }
            ],
            "name": "rpa-prd-public-subnet-01",
            "network": "https://www.googleapis.com/compute/v1/projects/sandbox-22186/global/networks/rpa-prd-vpc",
            "private_ip_google_access": false,
            "private_ipv6_google_access": "DISABLE_GOOGLE_ACCESS",
            "project": "sandbox-22186",
            "purpose": "PRIVATE",
            "region": "northamerica-northeast1",
            "role": "",
            "secondary_ip_range": [],
            "self_link": "https://www.googleapis.com/compute/v1/projects/sandbox-22186/regions/northamerica-northeast1/subnetworks/rpa-prd-public-subnet-01",
            "stack_type": "IPV4_ONLY",
            "timeouts": null
          },
          "sensitive_attributes": [],
          "private": "eyJlMmJmYjczMC1lY2FhLTExZTYtOGY4OC0zNDM2M2JjN2M0YzAiOnsiY3JlYXRlIjoxMjAwMDAwMDAwMDAwLCJkZWxldGUiOjEyMDAwMDAwMDAwMDAsInVwZGF0ZSI6MTIwMDAwMDAwMDAwMH19",
          "dependencies": [
            "module.vpc.google_compute_network.vpc1"
          ]
        }
      ]
    },
    {
      "module": "module.vpc",
      "mode": "managed",
      "type": "google_compute_subnetwork",
      "name": "subnetwork2",
      "provider": "provider[\"registry.terraform.io/hashicorp/google\"]",
      "instances": [
        {
          "schema_version": 0,
          "attributes": {
            "creation_timestamp": "2025-04-10T03:04:01.171-07:00",
            "description": "",
            "external_ipv6_prefix": "",
            "fingerprint": null,
            "gateway_address": "10.150.3.1",
            "id": "projects/sandbox-22186/regions/northamerica-northeast1/subnetworks/rpa-prd-private-subnet-01",
            "internal_ipv6_prefix": "",
            "ip_cidr_range": "10.150.3.0/24",
            "ipv6_access_type": "",
            "ipv6_cidr_range": "",
            "log_config": [
              {
                "aggregation_interval": "INTERVAL_15_MIN",
                "filter_expr": "true",
                "flow_sampling": 0.5,
                "metadata": "INCLUDE_ALL_METADATA",
                "metadata_fields": []
              }
            ],
            "name": "rpa-prd-private-subnet-01",
            "network": "https://www.googleapis.com/compute/v1/projects/sandbox-22186/global/networks/rpa-prd-vpc",
            "private_ip_google_access": true,
            "private_ipv6_google_access": "DISABLE_GOOGLE_ACCESS",
            "project": "sandbox-22186",
            "purpose": "PRIVATE",
            "region": "northamerica-northeast1",
            "role": "",
            "secondary_ip_range": [],
            "self_link": "https://www.googleapis.com/compute/v1/projects/sandbox-22186/regions/northamerica-northeast1/subnetworks/rpa-prd-private-subnet-01",
            "stack_type": "IPV4_ONLY",
            "timeouts": null
          },
          "sensitive_attributes": [],
          "private": "eyJlMmJmYjczMC1lY2FhLTExZTYtOGY4OC0zNDM2M2JjN2M0YzAiOnsiY3JlYXRlIjoxMjAwMDAwMDAwMDAwLCJkZWxldGUiOjEyMDAwMDAwMDAwMDAsInVwZGF0ZSI6MTIwMDAwMDAwMDAwMH19",
          "dependencies": [
            "module.vpc.google_compute_network.vpc1"
          ]
        }
      ]
    },
    {
      "module": "module.vpc",
      "mode": "managed",
      "type": "google_compute_subnetwork",
      "name": "subnetwork3",
      "provider": "provider[\"registry.terraform.io/hashicorp/google\"]",
      "instances": [
        {
          "schema_version": 0,
          "attributes": {
            "creation_timestamp": "2025-04-10T03:04:00.753-07:00",
            "description": "",
            "external_ipv6_prefix": "",
            "fingerprint": null,
            "gateway_address": "10.150.4.1",
            "id": "projects/sandbox-22186/regions/northamerica-northeast1/subnetworks/rpa-prd-private-subnet-02",
            "internal_ipv6_prefix": "",
            "ip_cidr_range": "10.150.4.0/24",
            "ipv6_access_type": "",
            "ipv6_cidr_range": "",
            "log_config": [
              {
                "aggregation_interval": "INTERVAL_15_MIN",
                "filter_expr": "true",
                "flow_sampling": 0.5,
                "metadata": "INCLUDE_ALL_METADATA",
                "metadata_fields": []
              }
            ],
            "name": "rpa-prd-private-subnet-02",
            "network": "https://www.googleapis.com/compute/v1/projects/sandbox-22186/global/networks/rpa-prd-vpc",
            "private_ip_google_access": true,
            "private_ipv6_google_access": "DISABLE_GOOGLE_ACCESS",
            "project": "sandbox-22186",
            "purpose": "PRIVATE",
            "region": "northamerica-northeast1",
            "role": "",
            "secondary_ip_range": [
              {
                "ip_cidr_range": "10.163.154.0/23",
                "range_name": "rpa-prd-secondary-range-01"
              },
              {
                "ip_cidr_range": "10.163.153.0/24",
                "range_name": "rpa-prd-secondary-range-02"
              },
              {
                "ip_cidr_range": "10.61.128.0/17",
                "range_name": "gke-prdiik8s-pods-0898a97d"
              }
            ],
            "self_link": "https://www.googleapis.com/compute/v1/projects/sandbox-22186/regions/northamerica-northeast1/subnetworks/rpa-prd-private-subnet-02",
            "stack_type": "IPV4_ONLY",
            "timeouts": null
          },
          "sensitive_attributes": [],
          "private": "eyJlMmJmYjczMC1lY2FhLTExZTYtOGY4OC0zNDM2M2JjN2M0YzAiOnsiY3JlYXRlIjoxMjAwMDAwMDAwMDAwLCJkZWxldGUiOjEyMDAwMDAwMDAwMDAsInVwZGF0ZSI6MTIwMDAwMDAwMDAwMH19",
          "dependencies": [
            "module.vpc.google_compute_network.vpc1"
          ]
        }
      ]
    },
    {
      "module": "module.vpc",
      "mode": "managed",
      "type": "google_compute_subnetwork",
      "name": "subnetwork4",
      "provider": "provider[\"registry.terraform.io/hashicorp/google\"]",
      "instances": [
        {
          "schema_version": 0,
          "attributes": {
            "creation_timestamp": "2025-04-10T03:04:00.995-07:00",
            "description": "",
            "external_ipv6_prefix": "",
            "fingerprint": null,
            "gateway_address": "10.150.5.1",
            "id": "projects/sandbox-22186/regions/northamerica-northeast1/subnetworks/rpa-prd-private-fw-subnet",
            "internal_ipv6_prefix": "",
            "ip_cidr_range": "10.150.5.0/24",
            "ipv6_access_type": "",
            "ipv6_cidr_range": "",
            "log_config": [
              {
                "aggregation_interval": "INTERVAL_15_MIN",
                "filter_expr": "true",
                "flow_sampling": 0.5,
                "metadata": "INCLUDE_ALL_METADATA",
                "metadata_fields": []
              }
            ],
            "name": "rpa-prd-private-fw-subnet",
            "network": "https://www.googleapis.com/compute/v1/projects/sandbox-22186/global/networks/rpa-prd-vpc",
            "private_ip_google_access": true,
            "private_ipv6_google_access": "DISABLE_GOOGLE_ACCESS",
            "project": "sandbox-22186",
            "purpose": "PRIVATE",
            "region": "northamerica-northeast1",
            "role": "",
            "secondary_ip_range": [],
            "self_link": "https://www.googleapis.com/compute/v1/projects/sandbox-22186/regions/northamerica-northeast1/subnetworks/rpa-prd-private-fw-subnet",
            "stack_type": "IPV4_ONLY",
            "timeouts": null
          },
          "sensitive_attributes": [],
          "private": "eyJlMmJmYjczMC1lY2FhLTExZTYtOGY4OC0zNDM2M2JjN2M0YzAiOnsiY3JlYXRlIjoxMjAwMDAwMDAwMDAwLCJkZWxldGUiOjEyMDAwMDAwMDAwMDAsInVwZGF0ZSI6MTIwMDAwMDAwMDAwMH19",
          "dependencies": [
            "module.vpc.google_compute_network.vpc1"
          ]
        }
      ]
    },
    {
      "module": "module.vpc",
      "mode": "managed",
      "type": "google_compute_subnetwork",
      "name": "subnetwork5",
      "provider": "provider[\"registry.terraform.io/hashicorp/google\"]",
      "instances": [
        {
          "schema_version": 0,
          "attributes": {
            "creation_timestamp": "2025-04-10T03:04:01.006-07:00",
            "description": "",
            "external_ipv6_prefix": "",
            "fingerprint": null,
            "gateway_address": "10.150.6.1",
            "id": "projects/sandbox-22186/regions/northamerica-northeast1/subnetworks/rpa-prd-private-subnet-03",
            "internal_ipv6_prefix": "",
            "ip_cidr_range": "10.150.6.0/24",
            "ipv6_access_type": "",
            "ipv6_cidr_range": "",
            "log_config": [
              {
                "aggregation_interval": "INTERVAL_15_MIN",
                "filter_expr": "true",
                "flow_sampling": 0.5,
                "metadata": "INCLUDE_ALL_METADATA",
                "metadata_fields": []
              }
            ],
            "name": "rpa-prd-private-subnet-03",
            "network": "https://www.googleapis.com/compute/v1/projects/sandbox-22186/global/networks/rpa-prd-vpc",
            "private_ip_google_access": true,
            "private_ipv6_google_access": "DISABLE_GOOGLE_ACCESS",
            "project": "sandbox-22186",
            "purpose": "PRIVATE",
            "region": "northamerica-northeast1",
            "role": "",
            "secondary_ip_range": [],
            "self_link": "https://www.googleapis.com/compute/v1/projects/sandbox-22186/regions/northamerica-northeast1/subnetworks/rpa-prd-private-subnet-03",
            "stack_type": "IPV4_ONLY",
            "timeouts": null
          },
          "sensitive_attributes": [],
          "private": "eyJlMmJmYjczMC1lY2FhLTExZTYtOGY4OC0zNDM2M2JjN2M0YzAiOnsiY3JlYXRlIjoxMjAwMDAwMDAwMDAwLCJkZWxldGUiOjEyMDAwMDAwMDAwMDAsInVwZGF0ZSI6MTIwMDAwMDAwMDAwMH19",
          "dependencies": [
            "module.vpc.google_compute_network.vpc1"
          ]
        }
      ]
    }
  ],
  "check_results": null
}
